// !$*UTF8*$!
{
	archiveVersion = 1;
	classes = {
	};
	objectVersion = 50;
	objects = {

/* Begin PBXBuildFile section */
		056D0184D76CC881EDB7D2C7 /* Pods_uber_clone.framework in Frameworks */ = {isa = PBXBuildFile; fileRef = 4BBAFF085AAC7D13BE7D5E37 /* Pods_uber_clone.framework */; };
		342D9BB7227136DE00C901A0 /* GradientView.swift in Sources */ = {isa = PBXBuildFile; fileRef = 342D9BB6227136DE00C901A0 /* GradientView.swift */; };
		342D9BB922713AF000C901A0 /* Assets.xcassets in Resources */ = {isa = PBXBuildFile; fileRef = 34B54B9C2270807E00E6C1A0 /* Assets.xcassets */; };
		342D9BBD22713C1D00C901A0 /* RoundImageView.swift in Sources */ = {isa = PBXBuildFile; fileRef = 342D9BBC22713C1D00C901A0 /* RoundImageView.swift */; };
		342D9BBF22713D6C00C901A0 /* RoundedShadowView.swift in Sources */ = {isa = PBXBuildFile; fileRef = 342D9BBE22713D6C00C901A0 /* RoundedShadowView.swift */; };
		342D9BC122713E6B00C901A0 /* CircleView.swift in Sources */ = {isa = PBXBuildFile; fileRef = 342D9BC022713E6B00C901A0 /* CircleView.swift */; };
		342D9BC32271437500C901A0 /* RoundedShadowButton.swift in Sources */ = {isa = PBXBuildFile; fileRef = 342D9BC22271437500C901A0 /* RoundedShadowButton.swift */; };
		342D9BC5227185C100C901A0 /* LeftSidePanelVC.swift in Sources */ = {isa = PBXBuildFile; fileRef = 342D9BC4227185C100C901A0 /* LeftSidePanelVC.swift */; };
		342D9BC72271868300C901A0 /* ContainerVC.swift in Sources */ = {isa = PBXBuildFile; fileRef = 342D9BC62271868300C901A0 /* ContainerVC.swift */; };
		342D9BCA2271890F00C901A0 /* CenterVCDelegate.swift in Sources */ = {isa = PBXBuildFile; fileRef = 342D9BC92271890F00C901A0 /* CenterVCDelegate.swift */; };
		342D9BCD227198E300C901A0 /* UIViewExt.swift in Sources */ = {isa = PBXBuildFile; fileRef = 342D9BCC227198E300C901A0 /* UIViewExt.swift */; };
		342D9BCF2271C20700C901A0 /* LoginVC.swift in Sources */ = {isa = PBXBuildFile; fileRef = 342D9BCE2271C20700C901A0 /* LoginVC.swift */; };
		342D9BD32271C89200C901A0 /* RoundedConnerTextField.swift in Sources */ = {isa = PBXBuildFile; fileRef = 342D9BD22271C89200C901A0 /* RoundedConnerTextField.swift */; };
		342D9BD5227276FE00C901A0 /* UIViewControllerExt.swift in Sources */ = {isa = PBXBuildFile; fileRef = 342D9BD4227276FE00C901A0 /* UIViewControllerExt.swift */; };
		342D9BD722727A0100C901A0 /* CommonExt.swift in Sources */ = {isa = PBXBuildFile; fileRef = 342D9BD622727A0100C901A0 /* CommonExt.swift */; };
		344124A42273303900FEBE9C /* UIColorExt.swift in Sources */ = {isa = PBXBuildFile; fileRef = 344124A32273303900FEBE9C /* UIColorExt.swift */; };
		344124B6227333F700FEBE9C /* Nunito-Black.ttf in Resources */ = {isa = PBXBuildFile; fileRef = 344124AB2273337D00FEBE9C /* Nunito-Black.ttf */; };
		344124B7227333F700FEBE9C /* Nunito-BlackItalic.ttf in Resources */ = {isa = PBXBuildFile; fileRef = 344124B02273337D00FEBE9C /* Nunito-BlackItalic.ttf */; };
		344124B8227333F700FEBE9C /* Nunito-Bold.ttf in Resources */ = {isa = PBXBuildFile; fileRef = 344124AA2273337D00FEBE9C /* Nunito-Bold.ttf */; };
		344124B9227333F700FEBE9C /* Nunito-BoldItalic.ttf in Resources */ = {isa = PBXBuildFile; fileRef = 344124B12273337D00FEBE9C /* Nunito-BoldItalic.ttf */; };
		344124BA227333F700FEBE9C /* Nunito-ExtraBold.ttf in Resources */ = {isa = PBXBuildFile; fileRef = 344124AF2273337D00FEBE9C /* Nunito-ExtraBold.ttf */; };
		344124BB227333F700FEBE9C /* Nunito-ExtraBoldItalic.ttf in Resources */ = {isa = PBXBuildFile; fileRef = 344124AD2273337D00FEBE9C /* Nunito-ExtraBoldItalic.ttf */; };
		344124BC227333F700FEBE9C /* Nunito-ExtraLight.ttf in Resources */ = {isa = PBXBuildFile; fileRef = 344124B32273337E00FEBE9C /* Nunito-ExtraLight.ttf */; };
		344124BD227333F700FEBE9C /* Nunito-ExtraLightItalic.ttf in Resources */ = {isa = PBXBuildFile; fileRef = 344124B22273337D00FEBE9C /* Nunito-ExtraLightItalic.ttf */; };
		344124BE227333F700FEBE9C /* Nunito-Italic.ttf in Resources */ = {isa = PBXBuildFile; fileRef = 344124B52273337E00FEBE9C /* Nunito-Italic.ttf */; };
		344124BF227333F700FEBE9C /* Nunito-Light.ttf in Resources */ = {isa = PBXBuildFile; fileRef = 344124A92273337D00FEBE9C /* Nunito-Light.ttf */; };
		344124C0227333F700FEBE9C /* Nunito-LightItalic.ttf in Resources */ = {isa = PBXBuildFile; fileRef = 344124B42273337E00FEBE9C /* Nunito-LightItalic.ttf */; };
		344124C1227333F700FEBE9C /* Nunito-Regular.ttf in Resources */ = {isa = PBXBuildFile; fileRef = 344124A82273337D00FEBE9C /* Nunito-Regular.ttf */; };
		344124C2227333F700FEBE9C /* Nunito-SemiBold.ttf in Resources */ = {isa = PBXBuildFile; fileRef = 344124AC2273337D00FEBE9C /* Nunito-SemiBold.ttf */; };
		344124C3227333F700FEBE9C /* Nunito-SemiBoldItalic.ttf in Resources */ = {isa = PBXBuildFile; fileRef = 344124AE2273337D00FEBE9C /* Nunito-SemiBoldItalic.ttf */; };
		344124C52273EFA900FEBE9C /* world-locations.json in Resources */ = {isa = PBXBuildFile; fileRef = 344124C42273EFA900FEBE9C /* world-locations.json */; };
		344124C8227418AB00FEBE9C /* GoogleService-Info.plist in Resources */ = {isa = PBXBuildFile; fileRef = 344124C7227418AB00FEBE9C /* GoogleService-Info.plist */; };
		344124CA22743B9500FEBE9C /* NiceGradientView.swift in Sources */ = {isa = PBXBuildFile; fileRef = 344124C922743B9500FEBE9C /* NiceGradientView.swift */; };
		344124CD22743D6400FEBE9C /* DataService.swift in Sources */ = {isa = PBXBuildFile; fileRef = 344124CC22743D6400FEBE9C /* DataService.swift */; };
		344124CF2274652800FEBE9C /* Constants.swift in Sources */ = {isa = PBXBuildFile; fileRef = 344124CE2274652800FEBE9C /* Constants.swift */; };
		344124D1227472D200FEBE9C /* UpdateService.swift in Sources */ = {isa = PBXBuildFile; fileRef = 344124D0227472D200FEBE9C /* UpdateService.swift */; };
		34B54B962270807D00E6C1A0 /* AppDelegate.swift in Sources */ = {isa = PBXBuildFile; fileRef = 34B54B952270807D00E6C1A0 /* AppDelegate.swift */; };
		34B54B982270807D00E6C1A0 /* HomeVC.swift in Sources */ = {isa = PBXBuildFile; fileRef = 34B54B972270807D00E6C1A0 /* HomeVC.swift */; };
		34B54B9B2270807D00E6C1A0 /* Main.storyboard in Resources */ = {isa = PBXBuildFile; fileRef = 34B54B992270807D00E6C1A0 /* Main.storyboard */; };
		34B54BA02270807E00E6C1A0 /* LaunchScreen.storyboard in Resources */ = {isa = PBXBuildFile; fileRef = 34B54B9E2270807E00E6C1A0 /* LaunchScreen.storyboard */; };
/* End PBXBuildFile section */

/* Begin PBXFileReference section */
		342D9BB6227136DE00C901A0 /* GradientView.swift */ = {isa = PBXFileReference; lastKnownFileType = sourcecode.swift; path = GradientView.swift; sourceTree = "<group>"; };
		342D9BBC22713C1D00C901A0 /* RoundImageView.swift */ = {isa = PBXFileReference; lastKnownFileType = sourcecode.swift; path = RoundImageView.swift; sourceTree = "<group>"; };
		342D9BBE22713D6C00C901A0 /* RoundedShadowView.swift */ = {isa = PBXFileReference; lastKnownFileType = sourcecode.swift; path = RoundedShadowView.swift; sourceTree = "<group>"; };
		342D9BC022713E6B00C901A0 /* CircleView.swift */ = {isa = PBXFileReference; lastKnownFileType = sourcecode.swift; path = CircleView.swift; sourceTree = "<group>"; };
		342D9BC22271437500C901A0 /* RoundedShadowButton.swift */ = {isa = PBXFileReference; lastKnownFileType = sourcecode.swift; path = RoundedShadowButton.swift; sourceTree = "<group>"; };
		342D9BC4227185C100C901A0 /* LeftSidePanelVC.swift */ = {isa = PBXFileReference; lastKnownFileType = sourcecode.swift; path = LeftSidePanelVC.swift; sourceTree = "<group>"; };
		342D9BC62271868300C901A0 /* ContainerVC.swift */ = {isa = PBXFileReference; lastKnownFileType = sourcecode.swift; path = ContainerVC.swift; sourceTree = "<group>"; };
		342D9BC92271890F00C901A0 /* CenterVCDelegate.swift */ = {isa = PBXFileReference; lastKnownFileType = sourcecode.swift; path = CenterVCDelegate.swift; sourceTree = "<group>"; };
		342D9BCC227198E300C901A0 /* UIViewExt.swift */ = {isa = PBXFileReference; lastKnownFileType = sourcecode.swift; path = UIViewExt.swift; sourceTree = "<group>"; };
		342D9BCE2271C20700C901A0 /* LoginVC.swift */ = {isa = PBXFileReference; lastKnownFileType = sourcecode.swift; path = LoginVC.swift; sourceTree = "<group>"; };
		342D9BD22271C89200C901A0 /* RoundedConnerTextField.swift */ = {isa = PBXFileReference; lastKnownFileType = sourcecode.swift; path = RoundedConnerTextField.swift; sourceTree = "<group>"; };
		342D9BD4227276FE00C901A0 /* UIViewControllerExt.swift */ = {isa = PBXFileReference; lastKnownFileType = sourcecode.swift; path = UIViewControllerExt.swift; sourceTree = "<group>"; };
		342D9BD622727A0100C901A0 /* CommonExt.swift */ = {isa = PBXFileReference; lastKnownFileType = sourcecode.swift; path = CommonExt.swift; sourceTree = "<group>"; };
		344124A32273303900FEBE9C /* UIColorExt.swift */ = {isa = PBXFileReference; lastKnownFileType = sourcecode.swift; path = UIColorExt.swift; sourceTree = "<group>"; };
		344124A82273337D00FEBE9C /* Nunito-Regular.ttf */ = {isa = PBXFileReference; lastKnownFileType = file; path = "Nunito-Regular.ttf"; sourceTree = "<group>"; };
		344124A92273337D00FEBE9C /* Nunito-Light.ttf */ = {isa = PBXFileReference; lastKnownFileType = file; path = "Nunito-Light.ttf"; sourceTree = "<group>"; };
		344124AA2273337D00FEBE9C /* Nunito-Bold.ttf */ = {isa = PBXFileReference; lastKnownFileType = file; path = "Nunito-Bold.ttf"; sourceTree = "<group>"; };
		344124AB2273337D00FEBE9C /* Nunito-Black.ttf */ = {isa = PBXFileReference; lastKnownFileType = file; path = "Nunito-Black.ttf"; sourceTree = "<group>"; };
		344124AC2273337D00FEBE9C /* Nunito-SemiBold.ttf */ = {isa = PBXFileReference; lastKnownFileType = file; path = "Nunito-SemiBold.ttf"; sourceTree = "<group>"; };
		344124AD2273337D00FEBE9C /* Nunito-ExtraBoldItalic.ttf */ = {isa = PBXFileReference; lastKnownFileType = file; path = "Nunito-ExtraBoldItalic.ttf"; sourceTree = "<group>"; };
		344124AE2273337D00FEBE9C /* Nunito-SemiBoldItalic.ttf */ = {isa = PBXFileReference; lastKnownFileType = file; path = "Nunito-SemiBoldItalic.ttf"; sourceTree = "<group>"; };
		344124AF2273337D00FEBE9C /* Nunito-ExtraBold.ttf */ = {isa = PBXFileReference; lastKnownFileType = file; path = "Nunito-ExtraBold.ttf"; sourceTree = "<group>"; };
		344124B02273337D00FEBE9C /* Nunito-BlackItalic.ttf */ = {isa = PBXFileReference; lastKnownFileType = file; path = "Nunito-BlackItalic.ttf"; sourceTree = "<group>"; };
		344124B12273337D00FEBE9C /* Nunito-BoldItalic.ttf */ = {isa = PBXFileReference; lastKnownFileType = file; path = "Nunito-BoldItalic.ttf"; sourceTree = "<group>"; };
		344124B22273337D00FEBE9C /* Nunito-ExtraLightItalic.ttf */ = {isa = PBXFileReference; lastKnownFileType = file; path = "Nunito-ExtraLightItalic.ttf"; sourceTree = "<group>"; };
		344124B32273337E00FEBE9C /* Nunito-ExtraLight.ttf */ = {isa = PBXFileReference; lastKnownFileType = file; path = "Nunito-ExtraLight.ttf"; sourceTree = "<group>"; };
		344124B42273337E00FEBE9C /* Nunito-LightItalic.ttf */ = {isa = PBXFileReference; lastKnownFileType = file; path = "Nunito-LightItalic.ttf"; sourceTree = "<group>"; };
		344124B52273337E00FEBE9C /* Nunito-Italic.ttf */ = {isa = PBXFileReference; lastKnownFileType = file; path = "Nunito-Italic.ttf"; sourceTree = "<group>"; };
		344124C42273EFA900FEBE9C /* world-locations.json */ = {isa = PBXFileReference; fileEncoding = 4; lastKnownFileType = text.json; path = "world-locations.json"; sourceTree = "<group>"; };
		344124C7227418AB00FEBE9C /* GoogleService-Info.plist */ = {isa = PBXFileReference; fileEncoding = 4; lastKnownFileType = text.plist.xml; path = "GoogleService-Info.plist"; sourceTree = "<group>"; };
		344124C922743B9500FEBE9C /* NiceGradientView.swift */ = {isa = PBXFileReference; lastKnownFileType = sourcecode.swift; path = NiceGradientView.swift; sourceTree = "<group>"; };
		344124CC22743D6400FEBE9C /* DataService.swift */ = {isa = PBXFileReference; lastKnownFileType = sourcecode.swift; path = DataService.swift; sourceTree = "<group>"; };
		344124CE2274652800FEBE9C /* Constants.swift */ = {isa = PBXFileReference; lastKnownFileType = sourcecode.swift; path = Constants.swift; sourceTree = "<group>"; };
		344124D0227472D200FEBE9C /* UpdateService.swift */ = {isa = PBXFileReference; lastKnownFileType = sourcecode.swift; path = UpdateService.swift; sourceTree = "<group>"; };
		3483C1BA8FB8E7FE8DCA793D /* Pods-uber-clone.release.xcconfig */ = {isa = PBXFileReference; includeInIndex = 1; lastKnownFileType = text.xcconfig; name = "Pods-uber-clone.release.xcconfig"; path = "Target Support Files/Pods-uber-clone/Pods-uber-clone.release.xcconfig"; sourceTree = "<group>"; };
		34B54B922270807D00E6C1A0 /* uber-clone.app */ = {isa = PBXFileReference; explicitFileType = wrapper.application; includeInIndex = 0; path = "uber-clone.app"; sourceTree = BUILT_PRODUCTS_DIR; };
		34B54B952270807D00E6C1A0 /* AppDelegate.swift */ = {isa = PBXFileReference; lastKnownFileType = sourcecode.swift; path = AppDelegate.swift; sourceTree = "<group>"; };
		34B54B972270807D00E6C1A0 /* HomeVC.swift */ = {isa = PBXFileReference; lastKnownFileType = sourcecode.swift; path = HomeVC.swift; sourceTree = "<group>"; };
		34B54B9A2270807D00E6C1A0 /* Base */ = {isa = PBXFileReference; lastKnownFileType = file.storyboard; name = Base; path = Base.lproj/Main.storyboard; sourceTree = "<group>"; };
		34B54B9C2270807E00E6C1A0 /* Assets.xcassets */ = {isa = PBXFileReference; lastKnownFileType = folder.assetcatalog; path = Assets.xcassets; sourceTree = "<group>"; };
		34B54B9F2270807E00E6C1A0 /* Base */ = {isa = PBXFileReference; lastKnownFileType = file.storyboard; name = Base; path = Base.lproj/LaunchScreen.storyboard; sourceTree = "<group>"; };
		34B54BA12270807F00E6C1A0 /* Info.plist */ = {isa = PBXFileReference; lastKnownFileType = text.plist.xml; path = Info.plist; sourceTree = "<group>"; };
		4BBAFF085AAC7D13BE7D5E37 /* Pods_uber_clone.framework */ = {isa = PBXFileReference; explicitFileType = wrapper.framework; includeInIndex = 0; path = Pods_uber_clone.framework; sourceTree = BUILT_PRODUCTS_DIR; };
		6686D27002177E126634D28A /* Pods-uber-clone.debug.xcconfig */ = {isa = PBXFileReference; includeInIndex = 1; lastKnownFileType = text.xcconfig; name = "Pods-uber-clone.debug.xcconfig"; path = "Target Support Files/Pods-uber-clone/Pods-uber-clone.debug.xcconfig"; sourceTree = "<group>"; };
/* End PBXFileReference section */

/* Begin PBXFrameworksBuildPhase section */
		34B54B8F2270807D00E6C1A0 /* Frameworks */ = {
			isa = PBXFrameworksBuildPhase;
			buildActionMask = 2147483647;
			files = (
				056D0184D76CC881EDB7D2C7 /* Pods_uber_clone.framework in Frameworks */,
			);
			runOnlyForDeploymentPostprocessing = 0;
		};
/* End PBXFrameworksBuildPhase section */

/* Begin PBXGroup section */
		342D9BB32271360300C901A0 /* Model */ = {
			isa = PBXGroup;
			children = (
			);
			path = Model;
			sourceTree = "<group>";
		};
		342D9BB42271364500C901A0 /* Controller */ = {
			isa = PBXGroup;
			children = (
				34B54B972270807D00E6C1A0 /* HomeVC.swift */,
				342D9BC4227185C100C901A0 /* LeftSidePanelVC.swift */,
				342D9BC62271868300C901A0 /* ContainerVC.swift */,
				342D9BCE2271C20700C901A0 /* LoginVC.swift */,
				344124CE2274652800FEBE9C /* Constants.swift */,
			);
			path = Controller;
			sourceTree = "<group>";
		};
		342D9BB5227136AC00C901A0 /* View */ = {
			isa = PBXGroup;
			children = (
				342D9BB6227136DE00C901A0 /* GradientView.swift */,
				344124C922743B9500FEBE9C /* NiceGradientView.swift */,
				342D9BBC22713C1D00C901A0 /* RoundImageView.swift */,
				342D9BBE22713D6C00C901A0 /* RoundedShadowView.swift */,
				342D9BC022713E6B00C901A0 /* CircleView.swift */,
				342D9BC22271437500C901A0 /* RoundedShadowButton.swift */,
				342D9BD22271C89200C901A0 /* RoundedConnerTextField.swift */,
			);
			path = View;
			sourceTree = "<group>";
		};
		342D9BC8227188EB00C901A0 /* Protocols */ = {
			isa = PBXGroup;
			children = (
				342D9BC92271890F00C901A0 /* CenterVCDelegate.swift */,
			);
			path = Protocols;
			sourceTree = "<group>";
		};
		342D9BCB227198B700C901A0 /* Extensions */ = {
			isa = PBXGroup;
			children = (
				342D9BCC227198E300C901A0 /* UIViewExt.swift */,
				342D9BD4227276FE00C901A0 /* UIViewControllerExt.swift */,
				342D9BD622727A0100C901A0 /* CommonExt.swift */,
				344124A32273303900FEBE9C /* UIColorExt.swift */,
			);
			path = Extensions;
			sourceTree = "<group>";
		};
		344124A52273334300FEBE9C /* Resources */ = {
			isa = PBXGroup;
			children = (
				344124C62273F02000FEBE9C /* Lottie */,
				344124A62273335000FEBE9C /* Fonts */,
			);
			path = Resources;
			sourceTree = "<group>";
		};
		344124A62273335000FEBE9C /* Fonts */ = {
			isa = PBXGroup;
			children = (
				344124A72273335B00FEBE9C /* Nunito */,
			);
			path = Fonts;
			sourceTree = "<group>";
		};
		344124A72273335B00FEBE9C /* Nunito */ = {
			isa = PBXGroup;
			children = (
				344124AB2273337D00FEBE9C /* Nunito-Black.ttf */,
				344124B02273337D00FEBE9C /* Nunito-BlackItalic.ttf */,
				344124AA2273337D00FEBE9C /* Nunito-Bold.ttf */,
				344124B12273337D00FEBE9C /* Nunito-BoldItalic.ttf */,
				344124AF2273337D00FEBE9C /* Nunito-ExtraBold.ttf */,
				344124AD2273337D00FEBE9C /* Nunito-ExtraBoldItalic.ttf */,
				344124B32273337E00FEBE9C /* Nunito-ExtraLight.ttf */,
				344124B22273337D00FEBE9C /* Nunito-ExtraLightItalic.ttf */,
				344124B52273337E00FEBE9C /* Nunito-Italic.ttf */,
				344124A92273337D00FEBE9C /* Nunito-Light.ttf */,
				344124B42273337E00FEBE9C /* Nunito-LightItalic.ttf */,
				344124A82273337D00FEBE9C /* Nunito-Regular.ttf */,
				344124AC2273337D00FEBE9C /* Nunito-SemiBold.ttf */,
				344124AE2273337D00FEBE9C /* Nunito-SemiBoldItalic.ttf */,
			);
			path = Nunito;
			sourceTree = "<group>";
		};
		344124C62273F02000FEBE9C /* Lottie */ = {
			isa = PBXGroup;
			children = (
				344124C42273EFA900FEBE9C /* world-locations.json */,
			);
			path = Lottie;
			sourceTree = "<group>";
		};
		344124CB22743D5000FEBE9C /* Services */ = {
			isa = PBXGroup;
			children = (
				344124CC22743D6400FEBE9C /* DataService.swift */,
				344124D0227472D200FEBE9C /* UpdateService.swift */,
			);
			path = Services;
			sourceTree = "<group>";
		};
		34B54B892270807D00E6C1A0 = {
			isa = PBXGroup;
			children = (
				34B54B942270807D00E6C1A0 /* uber-clone */,
				34B54B932270807D00E6C1A0 /* Products */,
				7B5ED61D27344798A91B6E0F /* Pods */,
				6DEFC6B8D87366B34ECAB010 /* Frameworks */,
			);
			sourceTree = "<group>";
		};
		34B54B932270807D00E6C1A0 /* Products */ = {
			isa = PBXGroup;
			children = (
				34B54B922270807D00E6C1A0 /* uber-clone.app */,
			);
			name = Products;
			sourceTree = "<group>";
		};
		34B54B942270807D00E6C1A0 /* uber-clone */ = {
			isa = PBXGroup;
			children = (
				344124CB22743D5000FEBE9C /* Services */,
				344124A52273334300FEBE9C /* Resources */,
				342D9BCB227198B700C901A0 /* Extensions */,
				342D9BC8227188EB00C901A0 /* Protocols */,
				342D9BB5227136AC00C901A0 /* View */,
				342D9BB42271364500C901A0 /* Controller */,
				342D9BB32271360300C901A0 /* Model */,
				34B54B952270807D00E6C1A0 /* AppDelegate.swift */,
				34B54B992270807D00E6C1A0 /* Main.storyboard */,
				34B54B9C2270807E00E6C1A0 /* Assets.xcassets */,
				34B54B9E2270807E00E6C1A0 /* LaunchScreen.storyboard */,
				344124C7227418AB00FEBE9C /* GoogleService-Info.plist */,
				34B54BA12270807F00E6C1A0 /* Info.plist */,
			);
			path = "uber-clone";
			sourceTree = "<group>";
		};
		6DEFC6B8D87366B34ECAB010 /* Frameworks */ = {
			isa = PBXGroup;
			children = (
				4BBAFF085AAC7D13BE7D5E37 /* Pods_uber_clone.framework */,
			);
			name = Frameworks;
			sourceTree = "<group>";
		};
		7B5ED61D27344798A91B6E0F /* Pods */ = {
			isa = PBXGroup;
			children = (
				6686D27002177E126634D28A /* Pods-uber-clone.debug.xcconfig */,
				3483C1BA8FB8E7FE8DCA793D /* Pods-uber-clone.release.xcconfig */,
			);
			path = Pods;
			sourceTree = "<group>";
		};
/* End PBXGroup section */

/* Begin PBXNativeTarget section */
		34B54B912270807D00E6C1A0 /* uber-clone */ = {
			isa = PBXNativeTarget;
			buildConfigurationList = 34B54BA42270807F00E6C1A0 /* Build configuration list for PBXNativeTarget "uber-clone" */;
			buildPhases = (
				A812A8726F7D66BCC132AEF0 /* [CP] Check Pods Manifest.lock */,
				34B54B8E2270807D00E6C1A0 /* Sources */,
				34B54B8F2270807D00E6C1A0 /* Frameworks */,
				34B54B902270807D00E6C1A0 /* Resources */,
				A12A81477A0C9CCF8506E379 /* [CP] Embed Pods Frameworks */,
			);
			buildRules = (
			);
			dependencies = (
			);
			name = "uber-clone";
			productName = "uber-clone";
			productReference = 34B54B922270807D00E6C1A0 /* uber-clone.app */;
			productType = "com.apple.product-type.application";
		};
/* End PBXNativeTarget section */

/* Begin PBXProject section */
		34B54B8A2270807D00E6C1A0 /* Project object */ = {
			isa = PBXProject;
			attributes = {
				LastSwiftUpdateCheck = 1020;
				LastUpgradeCheck = 1020;
				ORGANIZATIONNAME = "Michael Luo";
				TargetAttributes = {
					34B54B912270807D00E6C1A0 = {
						CreatedOnToolsVersion = 10.2.1;
					};
				};
			};
			buildConfigurationList = 34B54B8D2270807D00E6C1A0 /* Build configuration list for PBXProject "uber-clone" */;
			compatibilityVersion = "Xcode 9.3";
			developmentRegion = en;
			hasScannedForEncodings = 0;
			knownRegions = (
				en,
				Base,
			);
			mainGroup = 34B54B892270807D00E6C1A0;
			productRefGroup = 34B54B932270807D00E6C1A0 /* Products */;
			projectDirPath = "";
			projectRoot = "";
			targets = (
				34B54B912270807D00E6C1A0 /* uber-clone */,
			);
		};
/* End PBXProject section */

/* Begin PBXResourcesBuildPhase section */
		34B54B902270807D00E6C1A0 /* Resources */ = {
			isa = PBXResourcesBuildPhase;
			buildActionMask = 2147483647;
			files = (
				344124B6227333F700FEBE9C /* Nunito-Black.ttf in Resources */,
				344124B7227333F700FEBE9C /* Nunito-BlackItalic.ttf in Resources */,
				344124B8227333F700FEBE9C /* Nunito-Bold.ttf in Resources */,
				344124B9227333F700FEBE9C /* Nunito-BoldItalic.ttf in Resources */,
				344124BA227333F700FEBE9C /* Nunito-ExtraBold.ttf in Resources */,
				344124BB227333F700FEBE9C /* Nunito-ExtraBoldItalic.ttf in Resources */,
				344124BC227333F700FEBE9C /* Nunito-ExtraLight.ttf in Resources */,
				344124BD227333F700FEBE9C /* Nunito-ExtraLightItalic.ttf in Resources */,
				344124BE227333F700FEBE9C /* Nunito-Italic.ttf in Resources */,
				344124BF227333F700FEBE9C /* Nunito-Light.ttf in Resources */,
				344124C0227333F700FEBE9C /* Nunito-LightItalic.ttf in Resources */,
				344124C8227418AB00FEBE9C /* GoogleService-Info.plist in Resources */,
				344124C1227333F700FEBE9C /* Nunito-Regular.ttf in Resources */,
				344124C2227333F700FEBE9C /* Nunito-SemiBold.ttf in Resources */,
				344124C3227333F700FEBE9C /* Nunito-SemiBoldItalic.ttf in Resources */,
				34B54BA02270807E00E6C1A0 /* LaunchScreen.storyboard in Resources */,
				342D9BB922713AF000C901A0 /* Assets.xcassets in Resources */,
				344124C52273EFA900FEBE9C /* world-locations.json in Resources */,
				34B54B9B2270807D00E6C1A0 /* Main.storyboard in Resources */,
			);
			runOnlyForDeploymentPostprocessing = 0;
		};
/* End PBXResourcesBuildPhase section */

/* Begin PBXShellScriptBuildPhase section */
		A12A81477A0C9CCF8506E379 /* [CP] Embed Pods Frameworks */ = {
			isa = PBXShellScriptBuildPhase;
			buildActionMask = 2147483647;
			files = (
			);
			inputFileListPaths = (
			);
			inputPaths = (
				"${PODS_ROOT}/Target Support Files/Pods-uber-clone/Pods-uber-clone-frameworks.sh",
				"${BUILT_PRODUCTS_DIR}/GTMSessionFetcher/GTMSessionFetcher.framework",
				"${BUILT_PRODUCTS_DIR}/GoogleUtilities/GoogleUtilities.framework",
				"${BUILT_PRODUCTS_DIR}/IQKeyboardManagerSwift/IQKeyboardManagerSwift.framework",
				"${BUILT_PRODUCTS_DIR}/RevealingSplashView/RevealingSplashView.framework",
				"${BUILT_PRODUCTS_DIR}/leveldb-library/leveldb.framework",
				"${BUILT_PRODUCTS_DIR}/lottie-ios/Lottie.framework",
				"${BUILT_PRODUCTS_DIR}/nanopb/nanopb.framework",
			);
			name = "[CP] Embed Pods Frameworks";
			outputFileListPaths = (
			);
			outputPaths = (
				"${TARGET_BUILD_DIR}/${FRAMEWORKS_FOLDER_PATH}/GTMSessionFetcher.framework",
				"${TARGET_BUILD_DIR}/${FRAMEWORKS_FOLDER_PATH}/GoogleUtilities.framework",
				"${TARGET_BUILD_DIR}/${FRAMEWORKS_FOLDER_PATH}/IQKeyboardManagerSwift.framework",
				"${TARGET_BUILD_DIR}/${FRAMEWORKS_FOLDER_PATH}/RevealingSplashView.framework",
				"${TARGET_BUILD_DIR}/${FRAMEWORKS_FOLDER_PATH}/leveldb.framework",
				"${TARGET_BUILD_DIR}/${FRAMEWORKS_FOLDER_PATH}/Lottie.framework",
				"${TARGET_BUILD_DIR}/${FRAMEWORKS_FOLDER_PATH}/nanopb.framework",
			);
			runOnlyForDeploymentPostprocessing = 0;
			shellPath = /bin/sh;
			shellScript = "\"${PODS_ROOT}/Target Support Files/Pods-uber-clone/Pods-uber-clone-frameworks.sh\"\n";
			showEnvVarsInLog = 0;
		};
		A812A8726F7D66BCC132AEF0 /* [CP] Check Pods Manifest.lock */ = {
			isa = PBXShellScriptBuildPhase;
			buildActionMask = 2147483647;
			files = (
			);
			inputFileListPaths = (
			);
			inputPaths = (
				"${PODS_PODFILE_DIR_PATH}/Podfile.lock",
				"${PODS_ROOT}/Manifest.lock",
			);
			name = "[CP] Check Pods Manifest.lock";
			outputFileListPaths = (
			);
			outputPaths = (
				"$(DERIVED_FILE_DIR)/Pods-uber-clone-checkManifestLockResult.txt",
			);
			runOnlyForDeploymentPostprocessing = 0;
			shellPath = /bin/sh;
			shellScript = "diff \"${PODS_PODFILE_DIR_PATH}/Podfile.lock\" \"${PODS_ROOT}/Manifest.lock\" > /dev/null\nif [ $? != 0 ] ; then\n    # print error to STDERR\n    echo \"error: The sandbox is not in sync with the Podfile.lock. Run 'pod install' or update your CocoaPods installation.\" >&2\n    exit 1\nfi\n# This output is used by Xcode 'outputs' to avoid re-running this script phase.\necho \"SUCCESS\" > \"${SCRIPT_OUTPUT_FILE_0}\"\n";
			showEnvVarsInLog = 0;
		};
/* End PBXShellScriptBuildPhase section */

/* Begin PBXSourcesBuildPhase section */
		34B54B8E2270807D00E6C1A0 /* Sources */ = {
			isa = PBXSourcesBuildPhase;
			buildActionMask = 2147483647;
			files = (
				342D9BCA2271890F00C901A0 /* CenterVCDelegate.swift in Sources */,
				344124CF2274652800FEBE9C /* Constants.swift in Sources */,
				342D9BC32271437500C901A0 /* RoundedShadowButton.swift in Sources */,
				342D9BCF2271C20700C901A0 /* LoginVC.swift in Sources */,
				342D9BC122713E6B00C901A0 /* CircleView.swift in Sources */,
				34B54B982270807D00E6C1A0 /* HomeVC.swift in Sources */,
				342D9BC72271868300C901A0 /* ContainerVC.swift in Sources */,
				342D9BCD227198E300C901A0 /* UIViewExt.swift in Sources */,
				342D9BBD22713C1D00C901A0 /* RoundImageView.swift in Sources */,
				342D9BBF22713D6C00C901A0 /* RoundedShadowView.swift in Sources */,
				344124CD22743D6400FEBE9C /* DataService.swift in Sources */,
				344124A42273303900FEBE9C /* UIColorExt.swift in Sources */,
				342D9BD5227276FE00C901A0 /* UIViewControllerExt.swift in Sources */,
				34B54B962270807D00E6C1A0 /* AppDelegate.swift in Sources */,
				344124D1227472D200FEBE9C /* UpdateService.swift in Sources */,
				342D9BD32271C89200C901A0 /* RoundedConnerTextField.swift in Sources */,
				342D9BC5227185C100C901A0 /* LeftSidePanelVC.swift in Sources */,
				342D9BD722727A0100C901A0 /* CommonExt.swift in Sources */,
				344124CA22743B9500FEBE9C /* NiceGradientView.swift in Sources */,
				342D9BB7227136DE00C901A0 /* GradientView.swift in Sources */,
			);
			runOnlyForDeploymentPostprocessing = 0;
		};
/* End PBXSourcesBuildPhase section */

/* Begin PBXVariantGroup section */
		34B54B992270807D00E6C1A0 /* Main.storyboard */ = {
			isa = PBXVariantGroup;
			children = (
				34B54B9A2270807D00E6C1A0 /* Base */,
			);
			name = Main.storyboard;
			sourceTree = "<group>";
		};
		34B54B9E2270807E00E6C1A0 /* LaunchScreen.storyboard */ = {
			isa = PBXVariantGroup;
			children = (
				34B54B9F2270807E00E6C1A0 /* Base */,
			);
			name = LaunchScreen.storyboard;
			sourceTree = "<group>";
		};
/* End PBXVariantGroup section */

/* Begin XCBuildConfiguration section */
		34B54BA22270807F00E6C1A0 /* Debug */ = {
			isa = XCBuildConfiguration;
			buildSettings = {
				ALWAYS_SEARCH_USER_PATHS = NO;
				CLANG_ANALYZER_NONNULL = YES;
				CLANG_ANALYZER_NUMBER_OBJECT_CONVERSION = YES_AGGRESSIVE;
				CLANG_CXX_LANGUAGE_STANDARD = "gnu++14";
				CLANG_CXX_LIBRARY = "libc++";
				CLANG_ENABLE_MODULES = YES;
				CLANG_ENABLE_OBJC_ARC = YES;
				CLANG_ENABLE_OBJC_WEAK = YES;
				CLANG_WARN_BLOCK_CAPTURE_AUTORELEASING = YES;
				CLANG_WARN_BOOL_CONVERSION = YES;
				CLANG_WARN_COMMA = YES;
				CLANG_WARN_CONSTANT_CONVERSION = YES;
				CLANG_WARN_DEPRECATED_OBJC_IMPLEMENTATIONS = YES;
				CLANG_WARN_DIRECT_OBJC_ISA_USAGE = YES_ERROR;
				CLANG_WARN_DOCUMENTATION_COMMENTS = YES;
				CLANG_WARN_EMPTY_BODY = YES;
				CLANG_WARN_ENUM_CONVERSION = YES;
				CLANG_WARN_INFINITE_RECURSION = YES;
				CLANG_WARN_INT_CONVERSION = YES;
				CLANG_WARN_NON_LITERAL_NULL_CONVERSION = YES;
				CLANG_WARN_OBJC_IMPLICIT_RETAIN_SELF = YES;
				CLANG_WARN_OBJC_LITERAL_CONVERSION = YES;
				CLANG_WARN_OBJC_ROOT_CLASS = YES_ERROR;
				CLANG_WARN_RANGE_LOOP_ANALYSIS = YES;
				CLANG_WARN_STRICT_PROTOTYPES = YES;
				CLANG_WARN_SUSPICIOUS_MOVE = YES;
				CLANG_WARN_UNGUARDED_AVAILABILITY = YES_AGGRESSIVE;
				CLANG_WARN_UNREACHABLE_CODE = YES;
				CLANG_WARN__DUPLICATE_METHOD_MATCH = YES;
				CODE_SIGN_IDENTITY = "iPhone Developer";
				COPY_PHASE_STRIP = NO;
				DEBUG_INFORMATION_FORMAT = dwarf;
				ENABLE_STRICT_OBJC_MSGSEND = YES;
				ENABLE_TESTABILITY = YES;
				GCC_C_LANGUAGE_STANDARD = gnu11;
				GCC_DYNAMIC_NO_PIC = NO;
				GCC_NO_COMMON_BLOCKS = YES;
				GCC_OPTIMIZATION_LEVEL = 0;
				GCC_PREPROCESSOR_DEFINITIONS = (
					"DEBUG=1",
					"$(inherited)",
				);
				GCC_WARN_64_TO_32_BIT_CONVERSION = YES;
				GCC_WARN_ABOUT_RETURN_TYPE = YES_ERROR;
				GCC_WARN_UNDECLARED_SELECTOR = YES;
				GCC_WARN_UNINITIALIZED_AUTOS = YES_AGGRESSIVE;
				GCC_WARN_UNUSED_FUNCTION = YES;
				GCC_WARN_UNUSED_VARIABLE = YES;
				IPHONEOS_DEPLOYMENT_TARGET = 12.2;
				MTL_ENABLE_DEBUG_INFO = INCLUDE_SOURCE;
				MTL_FAST_MATH = YES;
				ONLY_ACTIVE_ARCH = YES;
				SDKROOT = iphoneos;
				SWIFT_ACTIVE_COMPILATION_CONDITIONS = DEBUG;
				SWIFT_OPTIMIZATION_LEVEL = "-Onone";
			};
			name = Debug;
		};
		34B54BA32270807F00E6C1A0 /* Release */ = {
			isa = XCBuildConfiguration;
			buildSettings = {
				ALWAYS_SEARCH_USER_PATHS = NO;
				CLANG_ANALYZER_NONNULL = YES;
				CLANG_ANALYZER_NUMBER_OBJECT_CONVERSION = YES_AGGRESSIVE;
				CLANG_CXX_LANGUAGE_STANDARD = "gnu++14";
				CLANG_CXX_LIBRARY = "libc++";
				CLANG_ENABLE_MODULES = YES;
				CLANG_ENABLE_OBJC_ARC = YES;
				CLANG_ENABLE_OBJC_WEAK = YES;
				CLANG_WARN_BLOCK_CAPTURE_AUTORELEASING = YES;
				CLANG_WARN_BOOL_CONVERSION = YES;
				CLANG_WARN_COMMA = YES;
				CLANG_WARN_CONSTANT_CONVERSION = YES;
				CLANG_WARN_DEPRECATED_OBJC_IMPLEMENTATIONS = YES;
				CLANG_WARN_DIRECT_OBJC_ISA_USAGE = YES_ERROR;
				CLANG_WARN_DOCUMENTATION_COMMENTS = YES;
				CLANG_WARN_EMPTY_BODY = YES;
				CLANG_WARN_ENUM_CONVERSION = YES;
				CLANG_WARN_INFINITE_RECURSION = YES;
				CLANG_WARN_INT_CONVERSION = YES;
				CLANG_WARN_NON_LITERAL_NULL_CONVERSION = YES;
				CLANG_WARN_OBJC_IMPLICIT_RETAIN_SELF = YES;
				CLANG_WARN_OBJC_LITERAL_CONVERSION = YES;
				CLANG_WARN_OBJC_ROOT_CLASS = YES_ERROR;
				CLANG_WARN_RANGE_LOOP_ANALYSIS = YES;
				CLANG_WARN_STRICT_PROTOTYPES = YES;
				CLANG_WARN_SUSPICIOUS_MOVE = YES;
				CLANG_WARN_UNGUARDED_AVAILABILITY = YES_AGGRESSIVE;
				CLANG_WARN_UNREACHABLE_CODE = YES;
				CLANG_WARN__DUPLICATE_METHOD_MATCH = YES;
				CODE_SIGN_IDENTITY = "iPhone Developer";
				COPY_PHASE_STRIP = NO;
				DEBUG_INFORMATION_FORMAT = "dwarf-with-dsym";
				ENABLE_NS_ASSERTIONS = NO;
				ENABLE_STRICT_OBJC_MSGSEND = YES;
				GCC_C_LANGUAGE_STANDARD = gnu11;
				GCC_NO_COMMON_BLOCKS = YES;
				GCC_WARN_64_TO_32_BIT_CONVERSION = YES;
				GCC_WARN_ABOUT_RETURN_TYPE = YES_ERROR;
				GCC_WARN_UNDECLARED_SELECTOR = YES;
				GCC_WARN_UNINITIALIZED_AUTOS = YES_AGGRESSIVE;
				GCC_WARN_UNUSED_FUNCTION = YES;
				GCC_WARN_UNUSED_VARIABLE = YES;
				IPHONEOS_DEPLOYMENT_TARGET = 12.2;
				MTL_ENABLE_DEBUG_INFO = NO;
				MTL_FAST_MATH = YES;
				SDKROOT = iphoneos;
				SWIFT_COMPILATION_MODE = wholemodule;
				SWIFT_OPTIMIZATION_LEVEL = "-O";
				VALIDATE_PRODUCT = YES;
			};
			name = Release;
		};
		34B54BA52270807F00E6C1A0 /* Debug */ = {
			isa = XCBuildConfiguration;
			baseConfigurationReference = 6686D27002177E126634D28A /* Pods-uber-clone.debug.xcconfig */;
			buildSettings = {
				ASSETCATALOG_COMPILER_APPICON_NAME = AppIcon;
				CODE_SIGN_STYLE = Automatic;
				DEVELOPMENT_TEAM = F2G74YVFQN;
				INFOPLIST_FILE = "uber-clone/Info.plist";
				LD_RUNPATH_SEARCH_PATHS = (
					"$(inherited)",
					"@executable_path/Frameworks",
				);
				PRODUCT_BUNDLE_IDENTIFIER = "com.magicmike.uber-clone";
				PRODUCT_NAME = "$(TARGET_NAME)";
				SWIFT_VERSION = 5.0;
				TARGETED_DEVICE_FAMILY = 1;
			};
			name = Debug;
		};
		34B54BA62270807F00E6C1A0 /* Release */ = {
			isa = XCBuildConfiguration;
			baseConfigurationReference = 3483C1BA8FB8E7FE8DCA793D /* Pods-uber-clone.release.xcconfig */;
			buildSettings = {
				ASSETCATALOG_COMPILER_APPICON_NAME = AppIcon;
				CODE_SIGN_STYLE = Automatic;
				DEVELOPMENT_TEAM = F2G74YVFQN;
				INFOPLIST_FILE = "uber-clone/Info.plist";
				LD_RUNPATH_SEARCH_PATHS = (
					"$(inherited)",
					"@executable_path/Frameworks",
				);
				PRODUCT_BUNDLE_IDENTIFIER = "com.magicmike.uber-clone";
				PRODUCT_NAME = "$(TARGET_NAME)";
				SWIFT_VERSION = 5.0;
				TARGETED_DEVICE_FAMILY = 1;
			};
			name = Release;
		};
/* End XCBuildConfiguration section */

/* Begin XCConfigurationList section */
		34B54B8D2270807D00E6C1A0 /* Build configuration list for PBXProject "uber-clone" */ = {
			isa = XCConfigurationList;
			buildConfigurations = (
				34B54BA22270807F00E6C1A0 /* Debug */,
				34B54BA32270807F00E6C1A0 /* Release */,
			);
			defaultConfigurationIsVisible = 0;
			defaultConfigurationName = Release;
		};
		34B54BA42270807F00E6C1A0 /* Build configuration list for PBXNativeTarget "uber-clone" */ = {
			isa = XCConfigurationList;
			buildConfigurations = (
				34B54BA52270807F00E6C1A0 /* Debug */,
				34B54BA62270807F00E6C1A0 /* Release */,
			);
			defaultConfigurationIsVisible = 0;
			defaultConfigurationName = Release;
		};
/* End XCConfigurationList section */
	};
	rootObject = 34B54B8A2270807D00E6C1A0 /* Project object */;
}
